
Microsoft Visual Studio Solution File, Format Version 12.00
# Visual Studio Version 16
VisualStudioVersion = 16.0.29806.167
MinimumVisualStudioVersion = 10.0.40219.1
Project("{FAE04EC0-301F-11D3-BF4B-00C04F79EFBC}") = "POO_16_11 - Exercício 2", "POO_16_11 - Exercício 2\POO_16_11 - Exercício 2.csproj", "{14B05C30-AF55-4BA3-9425-7DFC44A514D6}"
EndProject
Global
	GlobalSection(SolutionConfigurationPlatforms) = preSolution
		Debug|Any CPU = Debug|Any CPU
		Release|Any CPU = Release|Any CPU
	EndGlobalSection
	GlobalSection(ProjectConfigurationPlatforms) = postSolution
		{14B05C30-AF55-4BA3-9425-7DFC44A514D6}.Debug|Any CPU.ActiveCfg = Debug|Any CPU
		{14B05C30-AF55-4BA3-9425-7DFC44A514D6}.Debug|Any CPU.Build.0 = Debug|Any CPU
		{14B05C30-AF55-4BA3-9425-7DFC44A514D6}.Release|Any CPU.ActiveCfg = Release|Any CPU
		{14B05C30-AF55-4BA3-9425-7DFC44A514D6}.Release|Any CPU.Build.0 = Release|Any CPU
	EndGlobalSection
	GlobalSection(SolutionProperties) = preSolution
		HideSolutionNode = FALSE
	EndGlobalSection
	GlobalSection(ExtensibilityGlobals) = postSolution
		SolutionGuid = {7F185F45-077A-4290-8499-01C959A38245}
	EndGlobalSection
EndGlobal
